PODS:
  - bitsdojo_window_macos (0.0.1):
    - FlutterMacOS
  - flutter_libserialport (0.0.1):
    - FlutterMacOS
    - libserialport
  - flutter_pty (0.0.1):
    - FlutterMacOS
  - flutter_secure_storage_macos (6.1.1):
    - FlutterMacOS
  - FlutterMacOS (1.0.0)
  - FMDB (2.7.5):
    - FMDB/standard (= 2.7.5)
  - FMDB/standard (2.7.5)
  - libserialport (0.1.1)
  - native_context_menu (0.0.1):
    - FlutterMacOS
  - path_provider_foundation (0.0.1):
    - Flutter
    - FlutterMacOS
  - shared_preferences_foundation (0.0.1):
    - Flutter
    - FlutterMacOS
  - sqflite (0.0.2):
    - FlutterMacOS
    - FMDB (>= 2.7.5)
  - SQLCipher (4.5.4):
    - SQLCipher/standard (= 4.5.4)
  - SQLCipher/common (4.5.4)
  - SQLCipher/standard (4.5.4):
    - SQLCipher/common
  - sqlcipher_flutter_libs (0.0.1):
    - FlutterMacOS
    - SQLCipher (~> 4.5.4)
  - url_launcher_macos (0.0.1):
    - FlutterMacOS

DEPENDENCIES:
  - bitsdojo_window_macos (from `Flutter/ephemeral/.symlinks/plugins/bitsdojo_window_macos/macos`)
  - flutter_libserialport (from `Flutter/ephemeral/.symlinks/plugins/flutter_libserialport/macos`)
  - flutter_pty (from `Flutter/ephemeral/.symlinks/plugins/flutter_pty/macos`)
  - flutter_secure_storage_macos (from `Flutter/ephemeral/.symlinks/plugins/flutter_secure_storage_macos/macos`)
  - FlutterMacOS (from `Flutter/ephemeral`)
  - native_context_menu (from `Flutter/ephemeral/.symlinks/plugins/native_context_menu/macos`)
  - path_provider_foundation (from `Flutter/ephemeral/.symlinks/plugins/path_provider_foundation/darwin`)
  - shared_preferences_foundation (from `Flutter/ephemeral/.symlinks/plugins/shared_preferences_foundation/darwin`)
  - sqflite (from `Flutter/ephemeral/.symlinks/plugins/sqflite/macos`)
  - sqlcipher_flutter_libs (from `Flutter/ephemeral/.symlinks/plugins/sqlcipher_flutter_libs/macos`)
  - url_launcher_macos (from `Flutter/ephemeral/.symlinks/plugins/url_launcher_macos/macos`)

SPEC REPOS:
  trunk:
    - FMDB
    - libserialport
    - SQLCipher

EXTERNAL SOURCES:
  bitsdojo_window_macos:
    :path: Flutter/ephemeral/.symlinks/plugins/bitsdojo_window_macos/macos
  flutter_libserialport:
    :path: Flutter/ephemeral/.symlinks/plugins/flutter_libserialport/macos
  flutter_pty:
    :path: Flutter/ephemeral/.symlinks/plugins/flutter_pty/macos
  flutter_secure_storage_macos:
    :path: Flutter/ephemeral/.symlinks/plugins/flutter_secure_storage_macos/macos
  FlutterMacOS:
    :path: Flutter/ephemeral
  native_context_menu:
    :path: Flutter/ephemeral/.symlinks/plugins/native_context_menu/macos
  path_provider_foundation:
    :path: Flutter/ephemeral/.symlinks/plugins/path_provider_foundation/darwin
  shared_preferences_foundation:
    :path: Flutter/ephemeral/.symlinks/plugins/shared_preferences_foundation/darwin
  sqflite:
    :path: Flutter/ephemeral/.symlinks/plugins/sqflite/macos
  sqlcipher_flutter_libs:
    :path: Flutter/ephemeral/.symlinks/plugins/sqlcipher_flutter_libs/macos
  url_launcher_macos:
    :path: Flutter/ephemeral/.symlinks/plugins/url_launcher_macos/macos

SPEC CHECKSUMS:
  bitsdojo_window_macos: 44e3b8fe3dd463820e0321f6256c5b1c16bb6a00
  flutter_libserialport: d1a505fd4b05785f7b50cc7c93b361937ea1c5bd
  flutter_pty: 41b6f848ade294be726a6b94cdd4a67c3bc52f59
  flutter_secure_storage_macos: d56e2d218c1130b262bef8b4a7d64f88d7f9c9ea
  FlutterMacOS: 8f6f14fa908a6fb3fba0cd85dbd81ec4b251fb24
  FMDB: 2ce00b547f966261cd18927a3ddb07cb6f3db82a
  libserialport: 1cb25e66ef3c92a8e59c2ea3820302c3fa2268cd
  native_context_menu: 8b710e17c5962cf3f005b805eb97cce668b3839a
  path_provider_foundation: eaf5b3e458fc0e5fbb9940fb09980e853fe058b8
  shared_preferences_foundation: e2dae3258e06f44cc55f49d42024fd8dd03c590c
  sqflite: a5789cceda41d54d23f31d6de539d65bb14100ea
  SQLCipher: 905b145f65f349f26da9e60a19901ad24adcd381
  sqlcipher_flutter_libs: 7b0b4ee88b95a395b32b70b94ad0318b3c7584fa
  url_launcher_macos: 5335912b679c073563f29d89d33d10d459f95451

PODFILE CHECKSUM: 236401fc2c932af29a9fcf0e97baeeb2d750d367

COCOAPODS: 1.12.0
